
Microsoft Visual Studio Solution File, Format Version 12.00
# Visual Studio Version 17
VisualStudioVersion = 17.9.34714.143
MinimumVisualStudioVersion = 10.0.40219.1
Project("{FAE04EC0-301F-11D3-BF4B-00C04F79EFBC}") = "FactoryMethod", "FactoryMethod\FactoryMethod.csproj", "{AE0DD28A-4356-46AD-8831-F3A01C0A71FE}"
EndProject
Global
	GlobalSection(SolutionConfigurationPlatforms) = preSolution
		Debug|Any CPU = Debug|Any CPU
		Release|Any CPU = Release|Any CPU
	EndGlobalSection
	GlobalSection(ProjectConfigurationPlatforms) = postSolution
		{AE0DD28A-4356-46AD-8831-F3A01C0A71FE}.Debug|Any CPU.ActiveCfg = Debug|Any CPU
		{AE0DD28A-4356-46AD-8831-F3A01C0A71FE}.Debug|Any CPU.Build.0 = Debug|Any CPU
		{AE0DD28A-4356-46AD-8831-F3A01C0A71FE}.Release|Any CPU.ActiveCfg = Release|Any CPU
		{AE0DD28A-4356-46AD-8831-F3A01C0A71FE}.Release|Any CPU.Build.0 = Release|Any CPU
	EndGlobalSection
	GlobalSection(SolutionProperties) = preSolution
		HideSolutionNode = FALSE
	EndGlobalSection
	GlobalSection(ExtensibilityGlobals) = postSolution
		SolutionGuid = {F2A0CA33-14C7-40F7-AC47-51BDA664F2D6}
	EndGlobalSection
EndGlobal
